
Microsoft Visual Studio Solution File, Format Version 12.00
# Visual Studio 2012
Project("{FAE04EC0-301F-11D3-BF4B-00C04F79EFBC}") = "Sitecore.SharedSource.DataSync", "Sitecore.SharedSource.DataSync\Sitecore.SharedSource.DataSync.csproj", "{9A1BAE6C-3CE3-4BD6-BB65-0F6DC6DA8F2D}"
EndProject
Project("{CAA73BB0-EF22-4D79-A57E-DF67B3BA9C80}") = "Sitecore.SharedSource.DataSync.Core", "Sitecore.SharedSource.DataSync.Core\Sitecore.SharedSource.DataSync.Core.scproj", "{5DB5C53A-1844-469B-A951-77CC54512F16}"
EndProject
Project("{CAA73BB0-EF22-4D79-A57E-DF67B3BA9C80}") = "Sitecore.SharedSource.DataSync.Master", "Sitecore.SharedSource.DataSync.Master\Sitecore.SharedSource.DataSync.Master.scproj", "{02A9D508-9F67-498A-9810-B50A376B2BB9}"
EndProject
Project("{CAA73BB0-EF22-4D79-A57E-DF67B3BA9C80}") = "Sitecore.SharedSource.DataSync.Examples.Master", "Sitecore.SharedSource.DataSync.Examples.Master\Sitecore.SharedSource.DataSync.Examples.Master.scproj", "{3A6BD25B-165B-415E-9E93-8389B7212FD3}"
EndProject
Project("{FAE04EC0-301F-11D3-BF4B-00C04F79EFBC}") = "Sitecore.SharedSource.Logger", "Sitecore.SharedSource.Logger\Sitecore.SharedSource.Logger.csproj", "{45011CF6-2E2B-455C-B217-CE8767C9A156}"
EndProject
Project("{CAA73BB0-EF22-4D79-A57E-DF67B3BA9C80}") = "Sitecore.SharedSource.Logger.Master", "Sitecore.SharedSource.Logger.Master\Sitecore.SharedSource.Logger.Master.scproj", "{E93AA90A-4256-4ECF-B793-B01C18F55CB4}"
EndProject
Global
	GlobalSection(SolutionConfigurationPlatforms) = preSolution
		Debug|Any CPU = Debug|Any CPU
		Release|Any CPU = Release|Any CPU
	EndGlobalSection
	GlobalSection(ProjectConfigurationPlatforms) = postSolution
		{9A1BAE6C-3CE3-4BD6-BB65-0F6DC6DA8F2D}.Debug|Any CPU.ActiveCfg = Debug|Any CPU
		{9A1BAE6C-3CE3-4BD6-BB65-0F6DC6DA8F2D}.Debug|Any CPU.Build.0 = Debug|Any CPU
		{9A1BAE6C-3CE3-4BD6-BB65-0F6DC6DA8F2D}.Release|Any CPU.ActiveCfg = Release|Any CPU
		{9A1BAE6C-3CE3-4BD6-BB65-0F6DC6DA8F2D}.Release|Any CPU.Build.0 = Release|Any CPU
		{5DB5C53A-1844-469B-A951-77CC54512F16}.Debug|Any CPU.ActiveCfg = Debug|Any CPU
		{5DB5C53A-1844-469B-A951-77CC54512F16}.Debug|Any CPU.Build.0 = Debug|Any CPU
		{5DB5C53A-1844-469B-A951-77CC54512F16}.Debug|Any CPU.Deploy.0 = Debug|Any CPU
		{5DB5C53A-1844-469B-A951-77CC54512F16}.Release|Any CPU.ActiveCfg = Release|Any CPU
		{5DB5C53A-1844-469B-A951-77CC54512F16}.Release|Any CPU.Build.0 = Release|Any CPU
		{5DB5C53A-1844-469B-A951-77CC54512F16}.Release|Any CPU.Deploy.0 = Release|Any CPU
		{02A9D508-9F67-498A-9810-B50A376B2BB9}.Debug|Any CPU.ActiveCfg = Debug|Any CPU
		{02A9D508-9F67-498A-9810-B50A376B2BB9}.Debug|Any CPU.Build.0 = Debug|Any CPU
		{02A9D508-9F67-498A-9810-B50A376B2BB9}.Debug|Any CPU.Deploy.0 = Debug|Any CPU
		{02A9D508-9F67-498A-9810-B50A376B2BB9}.Release|Any CPU.ActiveCfg = Release|Any CPU
		{02A9D508-9F67-498A-9810-B50A376B2BB9}.Release|Any CPU.Build.0 = Release|Any CPU
		{02A9D508-9F67-498A-9810-B50A376B2BB9}.Release|Any CPU.Deploy.0 = Release|Any CPU
		{3A6BD25B-165B-415E-9E93-8389B7212FD3}.Debug|Any CPU.ActiveCfg = Debug|Any CPU
		{3A6BD25B-165B-415E-9E93-8389B7212FD3}.Debug|Any CPU.Build.0 = Debug|Any CPU
		{3A6BD25B-165B-415E-9E93-8389B7212FD3}.Debug|Any CPU.Deploy.0 = Debug|Any CPU
		{3A6BD25B-165B-415E-9E93-8389B7212FD3}.Release|Any CPU.ActiveCfg = Release|Any CPU
		{3A6BD25B-165B-415E-9E93-8389B7212FD3}.Release|Any CPU.Build.0 = Release|Any CPU
		{3A6BD25B-165B-415E-9E93-8389B7212FD3}.Release|Any CPU.Deploy.0 = Release|Any CPU
		{45011CF6-2E2B-455C-B217-CE8767C9A156}.Debug|Any CPU.ActiveCfg = Debug|Any CPU
		{45011CF6-2E2B-455C-B217-CE8767C9A156}.Debug|Any CPU.Build.0 = Debug|Any CPU
		{45011CF6-2E2B-455C-B217-CE8767C9A156}.Release|Any CPU.ActiveCfg = Release|Any CPU
		{45011CF6-2E2B-455C-B217-CE8767C9A156}.Release|Any CPU.Build.0 = Release|Any CPU
		{E93AA90A-4256-4ECF-B793-B01C18F55CB4}.Debug|Any CPU.ActiveCfg = Debug|Any CPU
		{E93AA90A-4256-4ECF-B793-B01C18F55CB4}.Debug|Any CPU.Build.0 = Debug|Any CPU
		{E93AA90A-4256-4ECF-B793-B01C18F55CB4}.Debug|Any CPU.Deploy.0 = Debug|Any CPU
		{E93AA90A-4256-4ECF-B793-B01C18F55CB4}.Release|Any CPU.ActiveCfg = Release|Any CPU
		{E93AA90A-4256-4ECF-B793-B01C18F55CB4}.Release|Any CPU.Build.0 = Release|Any CPU
		{E93AA90A-4256-4ECF-B793-B01C18F55CB4}.Release|Any CPU.Deploy.0 = Release|Any CPU
	EndGlobalSection
	GlobalSection(SolutionProperties) = preSolution
		HideSolutionNode = FALSE
	EndGlobalSection
EndGlobal
